// !$*UTF8*$!
{
	archiveVersion = 1;
	classes = {
	};
	objectVersion = 55;
	objects = {

/* Begin PBXBuildFile section */
		E6C742CC289C2E8A00117732 /* AppDelegate.swift in Sources */ = {isa = PBXBuildFile; fileRef = E6C742CB289C2E8A00117732 /* AppDelegate.swift */; };
		E6C742CE289C2E8A00117732 /* SceneDelegate.swift in Sources */ = {isa = PBXBuildFile; fileRef = E6C742CD289C2E8A00117732 /* SceneDelegate.swift */; };
		E6C742D0289C2E8A00117732 /* ViewController.swift in Sources */ = {isa = PBXBuildFile; fileRef = E6C742CF289C2E8A00117732 /* ViewController.swift */; };
		E6C742D3289C2E8A00117732 /* Main.storyboard in Resources */ = {isa = PBXBuildFile; fileRef = E6C742D1289C2E8A00117732 /* Main.storyboard */; };
		E6C742D5289C2E8E00117732 /* Assets.xcassets in Resources */ = {isa = PBXBuildFile; fileRef = E6C742D4289C2E8E00117732 /* Assets.xcassets */; };
		E6C742D8289C2E8E00117732 /* LaunchScreen.storyboard in Resources */ = {isa = PBXBuildFile; fileRef = E6C742D6289C2E8E00117732 /* LaunchScreen.storyboard */; };
		E6C742E3289C2E8E00117732 /* RandomPhotoTests.swift in Sources */ = {isa = PBXBuildFile; fileRef = E6C742E2289C2E8E00117732 /* RandomPhotoTests.swift */; };
		E6C742ED289C2E8E00117732 /* RandomPhotoUITests.swift in Sources */ = {isa = PBXBuildFile; fileRef = E6C742EC289C2E8E00117732 /* RandomPhotoUITests.swift */; };
		E6C742EF289C2E8E00117732 /* RandomPhotoUITestsLaunchTests.swift in Sources */ = {isa = PBXBuildFile; fileRef = E6C742EE289C2E8E00117732 /* RandomPhotoUITestsLaunchTests.swift */; };
/* End PBXBuildFile section */

/* Begin PBXContainerItemProxy section */
		E6C742DF289C2E8E00117732 /* PBXContainerItemProxy */ = {
			isa = PBXContainerItemProxy;
			containerPortal = E6C742C0289C2E8A00117732 /* Project object */;
			proxyType = 1;
			remoteGlobalIDString = E6C742C7289C2E8A00117732;
			remoteInfo = RandomPhoto;
		};
		E6C742E9289C2E8E00117732 /* PBXContainerItemProxy */ = {
			isa = PBXContainerItemProxy;
			containerPortal = E6C742C0289C2E8A00117732 /* Project object */;
			proxyType = 1;
			remoteGlobalIDString = E6C742C7289C2E8A00117732;
			remoteInfo = RandomPhoto;
		};
/* End PBXContainerItemProxy section */

/* Begin PBXFileReference section */
		E6C742C8289C2E8A00117732 /* RandomPhoto.app */ = {isa = PBXFileReference; explicitFileType = wrapper.application; includeInIndex = 0; path = RandomPhoto.app; sourceTree = BUILT_PRODUCTS_DIR; };
		E6C742CB289C2E8A00117732 /* AppDelegate.swift */ = {isa = PBXFileReference; lastKnownFileType = sourcecode.swift; path = AppDelegate.swift; sourceTree = "<group>"; };
		E6C742CD289C2E8A00117732 /* SceneDelegate.swift */ = {isa = PBXFileReference; lastKnownFileType = sourcecode.swift; path = SceneDelegate.swift; sourceTree = "<group>"; };
		E6C742CF289C2E8A00117732 /* ViewController.swift */ = {isa = PBXFileReference; lastKnownFileType = sourcecode.swift; path = ViewController.swift; sourceTree = "<group>"; };
		E6C742D2289C2E8A00117732 /* Base */ = {isa = PBXFileReference; lastKnownFileType = file.storyboard; name = Base; path = Base.lproj/Main.storyboard; sourceTree = "<group>"; };
		E6C742D4289C2E8E00117732 /* Assets.xcassets */ = {isa = PBXFileReference; lastKnownFileType = folder.assetcatalog; path = Assets.xcassets; sourceTree = "<group>"; };
		E6C742D7289C2E8E00117732 /* Base */ = {isa = PBXFileReference; lastKnownFileType = file.storyboard; name = Base; path = Base.lproj/LaunchScreen.storyboard; sourceTree = "<group>"; };
		E6C742D9289C2E8E00117732 /* Info.plist */ = {isa = PBXFileReference; lastKnownFileType = text.plist.xml; path = Info.plist; sourceTree = "<group>"; };
		E6C742DE289C2E8E00117732 /* RandomPhotoTests.xctest */ = {isa = PBXFileReference; explicitFileType = wrapper.cfbundle; includeInIndex = 0; path = RandomPhotoTests.xctest; sourceTree = BUILT_PRODUCTS_DIR; };
		E6C742E2289C2E8E00117732 /* RandomPhotoTests.swift */ = {isa = PBXFileReference; lastKnownFileType = sourcecode.swift; path = RandomPhotoTests.swift; sourceTree = "<group>"; };
		E6C742E8289C2E8E00117732 /* RandomPhotoUITests.xctest */ = {isa = PBXFileReference; explicitFileType = wrapper.cfbundle; includeInIndex = 0; path = RandomPhotoUITests.xctest; sourceTree = BUILT_PRODUCTS_DIR; };
		E6C742EC289C2E8E00117732 /* RandomPhotoUITests.swift */ = {isa = PBXFileReference; lastKnownFileType = sourcecode.swift; path = RandomPhotoUITests.swift; sourceTree = "<group>"; };
		E6C742EE289C2E8E00117732 /* RandomPhotoUITestsLaunchTests.swift */ = {isa = PBXFileReference; lastKnownFileType = sourcecode.swift; path = RandomPhotoUITestsLaunchTests.swift; sourceTree = "<group>"; };
/* End PBXFileReference section */

/* Begin PBXFrameworksBuildPhase section */
		E6C742C5289C2E8A00117732 /* Frameworks */ = {
			isa = PBXFrameworksBuildPhase;
			buildActionMask = 2147483647;
			files = (
			);
			runOnlyForDeploymentPostprocessing = 0;
		};
		E6C742DB289C2E8E00117732 /* Frameworks */ = {
			isa = PBXFrameworksBuildPhase;
			buildActionMask = 2147483647;
			files = (
			);
			runOnlyForDeploymentPostprocessing = 0;
		};
		E6C742E5289C2E8E00117732 /* Frameworks */ = {
			isa = PBXFrameworksBuildPhase;
			buildActionMask = 2147483647;
			files = (
			);
			runOnlyForDeploymentPostprocessing = 0;
		};
/* End PBXFrameworksBuildPhase section */

/* Begin PBXGroup section */
		E6C742BF289C2E8A00117732 = {
			isa = PBXGroup;
			children = (
				E6C742CA289C2E8A00117732 /* RandomPhoto */,
				E6C742E1289C2E8E00117732 /* RandomPhotoTests */,
				E6C742EB289C2E8E00117732 /* RandomPhotoUITests */,
				E6C742C9289C2E8A00117732 /* Products */,
			);
			sourceTree = "<group>";
		};
		E6C742C9289C2E8A00117732 /* Products */ = {
			isa = PBXGroup;
			children = (
				E6C742C8289C2E8A00117732 /* RandomPhoto.app */,
				E6C742DE289C2E8E00117732 /* RandomPhotoTests.xctest */,
				E6C742E8289C2E8E00117732 /* RandomPhotoUITests.xctest */,
			);
			name = Products;
			sourceTree = "<group>";
		};
		E6C742CA289C2E8A00117732 /* RandomPhoto */ = {
			isa = PBXGroup;
			children = (
				E6C742CB289C2E8A00117732 /* AppDelegate.swift */,
				E6C742CD289C2E8A00117732 /* SceneDelegate.swift */,
				E6C742CF289C2E8A00117732 /* ViewController.swift */,
				E6C742D1289C2E8A00117732 /* Main.storyboard */,
				E6C742D4289C2E8E00117732 /* Assets.xcassets */,
				E6C742D6289C2E8E00117732 /* LaunchScreen.storyboard */,
				E6C742D9289C2E8E00117732 /* Info.plist */,
			);
			path = RandomPhoto;
			sourceTree = "<group>";
		};
		E6C742E1289C2E8E00117732 /* RandomPhotoTests */ = {
			isa = PBXGroup;
			children = (
				E6C742E2289C2E8E00117732 /* RandomPhotoTests.swift */,
			);
			path = RandomPhotoTests;
			sourceTree = "<group>";
		};
		E6C742EB289C2E8E00117732 /* RandomPhotoUITests */ = {
			isa = PBXGroup;
			children = (
				E6C742EC289C2E8E00117732 /* RandomPhotoUITests.swift */,
				E6C742EE289C2E8E00117732 /* RandomPhotoUITestsLaunchTests.swift */,
			);
			path = RandomPhotoUITests;
			sourceTree = "<group>";
		};
/* End PBXGroup section */

/* Begin PBXNativeTarget section */
		E6C742C7289C2E8A00117732 /* RandomPhoto */ = {
			isa = PBXNativeTarget;
			buildConfigurationList = E6C742F2289C2E8E00117732 /* Build configuration list for PBXNativeTarget "RandomPhoto" */;
			buildPhases = (
				E6C742C4289C2E8A00117732 /* Sources */,
				E6C742C5289C2E8A00117732 /* Frameworks */,
				E6C742C6289C2E8A00117732 /* Resources */,
			);
			buildRules = (
			);
			dependencies = (
			);
			name = RandomPhoto;
			productName = RandomPhoto;
			productReference = E6C742C8289C2E8A00117732 /* RandomPhoto.app */;
			productType = "com.apple.product-type.application";
		};
		E6C742DD289C2E8E00117732 /* RandomPhotoTests */ = {
			isa = PBXNativeTarget;
			buildConfigurationList = E6C742F5289C2E8E00117732 /* Build configuration list for PBXNativeTarget "RandomPhotoTests" */;
			buildPhases = (
				E6C742DA289C2E8E00117732 /* Sources */,
				E6C742DB289C2E8E00117732 /* Frameworks */,
				E6C742DC289C2E8E00117732 /* Resources */,
			);
			buildRules = (
			);
			dependencies = (
				E6C742E0289C2E8E00117732 /* PBXTargetDependency */,
			);
			name = RandomPhotoTests;
			productName = RandomPhotoTests;
			productReference = E6C742DE289C2E8E00117732 /* RandomPhotoTests.xctest */;
			productType = "com.apple.product-type.bundle.unit-test";
		};
		E6C742E7289C2E8E00117732 /* RandomPhotoUITests */ = {
			isa = PBXNativeTarget;
			buildConfigurationList = E6C742F8289C2E8E00117732 /* Build configuration list for PBXNativeTarget "RandomPhotoUITests" */;
			buildPhases = (
				E6C742E4289C2E8E00117732 /* Sources */,
				E6C742E5289C2E8E00117732 /* Frameworks */,
				E6C742E6289C2E8E00117732 /* Resources */,
			);
			buildRules = (
			);
			dependencies = (
				E6C742EA289C2E8E00117732 /* PBXTargetDependency */,
			);
			name = RandomPhotoUITests;
			productName = RandomPhotoUITests;
			productReference = E6C742E8289C2E8E00117732 /* RandomPhotoUITests.xctest */;
			productType = "com.apple.product-type.bundle.ui-testing";
		};
/* End PBXNativeTarget section */

/* Begin PBXProject section */
		E6C742C0289C2E8A00117732 /* Project object */ = {
			isa = PBXProject;
			attributes = {
				BuildIndependentTargetsInParallel = 1;
				LastSwiftUpdateCheck = 1340;
				LastUpgradeCheck = 1340;
				TargetAttributes = {
					E6C742C7289C2E8A00117732 = {
						CreatedOnToolsVersion = 13.4.1;
					};
					E6C742DD289C2E8E00117732 = {
						CreatedOnToolsVersion = 13.4.1;
						TestTargetID = E6C742C7289C2E8A00117732;
					};
					E6C742E7289C2E8E00117732 = {
						CreatedOnToolsVersion = 13.4.1;
						TestTargetID = E6C742C7289C2E8A00117732;
					};
				};
			};
			buildConfigurationList = E6C742C3289C2E8A00117732 /* Build configuration list for PBXProject "RandomPhoto" */;
			compatibilityVersion = "Xcode 13.0";
			developmentRegion = en;
			hasScannedForEncodings = 0;
			knownRegions = (
				en,
				Base,
			);
			mainGroup = E6C742BF289C2E8A00117732;
			productRefGroup = E6C742C9289C2E8A00117732 /* Products */;
			projectDirPath = "";
			projectRoot = "";
			targets = (
				E6C742C7289C2E8A00117732 /* RandomPhoto */,
				E6C742DD289C2E8E00117732 /* RandomPhotoTests */,
				E6C742E7289C2E8E00117732 /* RandomPhotoUITests */,
			);
		};
/* End PBXProject section */

/* Begin PBXResourcesBuildPhase section */
		E6C742C6289C2E8A00117732 /* Resources */ = {
			isa = PBXResourcesBuildPhase;
			buildActionMask = 2147483647;
			files = (
				E6C742D8289C2E8E00117732 /* LaunchScreen.storyboard in Resources */,
				E6C742D5289C2E8E00117732 /* Assets.xcassets in Resources */,
				E6C742D3289C2E8A00117732 /* Main.storyboard in Resources */,
			);
			runOnlyForDeploymentPostprocessing = 0;
		};
		E6C742DC289C2E8E00117732 /* Resources */ = {
			isa = PBXResourcesBuildPhase;
			buildActionMask = 2147483647;
			files = (
			);
			runOnlyForDeploymentPostprocessing = 0;
		};
		E6C742E6289C2E8E00117732 /* Resources */ = {
			isa = PBXResourcesBuildPhase;
			buildActionMask = 2147483647;
			files = (
			);
			runOnlyForDeploymentPostprocessing = 0;
		};
/* End PBXResourcesBuildPhase section */

/* Begin PBXSourcesBuildPhase section */
		E6C742C4289C2E8A00117732 /* Sources */ = {
			isa = PBXSourcesBuildPhase;
			buildActionMask = 2147483647;
			files = (
				E6C742D0289C2E8A00117732 /* ViewController.swift in Sources */,
				E6C742CC289C2E8A00117732 /* AppDelegate.swift in Sources */,
				E6C742CE289C2E8A00117732 /* SceneDelegate.swift in Sources */,
			);
			runOnlyForDeploymentPostprocessing = 0;
		};
		E6C742DA289C2E8E00117732 /* Sources */ = {
			isa = PBXSourcesBuildPhase;
			buildActionMask = 2147483647;
			files = (
				E6C742E3289C2E8E00117732 /* RandomPhotoTests.swift in Sources */,
			);
			runOnlyForDeploymentPostprocessing = 0;
		};
		E6C742E4289C2E8E00117732 /* Sources */ = {
			isa = PBXSourcesBuildPhase;
			buildActionMask = 2147483647;
			files = (
				E6C742EF289C2E8E00117732 /* RandomPhotoUITestsLaunchTests.swift in Sources */,
				E6C742ED289C2E8E00117732 /* RandomPhotoUITests.swift in Sources */,
			);
			runOnlyForDeploymentPostprocessing = 0;
		};
/* End PBXSourcesBuildPhase section */

/* Begin PBXTargetDependency section */
		E6C742E0289C2E8E00117732 /* PBXTargetDependency */ = {
			isa = PBXTargetDependency;
			target = E6C742C7289C2E8A00117732 /* RandomPhoto */;
			targetProxy = E6C742DF289C2E8E00117732 /* PBXContainerItemProxy */;
		};
		E6C742EA289C2E8E00117732 /* PBXTargetDependency */ = {
			isa = PBXTargetDependency;
			target = E6C742C7289C2E8A00117732 /* RandomPhoto */;
			targetProxy = E6C742E9289C2E8E00117732 /* PBXContainerItemProxy */;
		};
/* End PBXTargetDependency section */

/* Begin PBXVariantGroup section */
		E6C742D1289C2E8A00117732 /* Main.storyboard */ = {
			isa = PBXVariantGroup;
			children = (
				E6C742D2289C2E8A00117732 /* Base */,
			);
			name = Main.storyboard;
			sourceTree = "<group>";
		};
		E6C742D6289C2E8E00117732 /* LaunchScreen.storyboard */ = {
			isa = PBXVariantGroup;
			children = (
				E6C742D7289C2E8E00117732 /* Base */,
			);
			name = LaunchScreen.storyboard;
			sourceTree = "<group>";
		};
/* End PBXVariantGroup section */

/* Begin XCBuildConfiguration section */
		E6C742F0289C2E8E00117732 /* Debug */ = {
			isa = XCBuildConfiguration;
			buildSettings = {
				ALWAYS_SEARCH_USER_PATHS = NO;
				CLANG_ANALYZER_NONNULL = YES;
				CLANG_ANALYZER_NUMBER_OBJECT_CONVERSION = YES_AGGRESSIVE;
				CLANG_CXX_LANGUAGE_STANDARD = "gnu++17";
				CLANG_ENABLE_MODULES = YES;
				CLANG_ENABLE_OBJC_ARC = YES;
				CLANG_ENABLE_OBJC_WEAK = YES;
				CLANG_WARN_BLOCK_CAPTURE_AUTORELEASING = YES;
				CLANG_WARN_BOOL_CONVERSION = YES;
				CLANG_WARN_COMMA = YES;
				CLANG_WARN_CONSTANT_CONVERSION = YES;
				CLANG_WARN_DEPRECATED_OBJC_IMPLEMENTATIONS = YES;
				CLANG_WARN_DIRECT_OBJC_ISA_USAGE = YES_ERROR;
				CLANG_WARN_DOCUMENTATION_COMMENTS = YES;
				CLANG_WARN_EMPTY_BODY = YES;
				CLANG_WARN_ENUM_CONVERSION = YES;
				CLANG_WARN_INFINITE_RECURSION = YES;
				CLANG_WARN_INT_CONVERSION = YES;
				CLANG_WARN_NON_LITERAL_NULL_CONVERSION = YES;
				CLANG_WARN_OBJC_IMPLICIT_RETAIN_SELF = YES;
				CLANG_WARN_OBJC_LITERAL_CONVERSION = YES;
				CLANG_WARN_OBJC_ROOT_CLASS = YES_ERROR;
				CLANG_WARN_QUOTED_INCLUDE_IN_FRAMEWORK_HEADER = YES;
				CLANG_WARN_RANGE_LOOP_ANALYSIS = YES;
				CLANG_WARN_STRICT_PROTOTYPES = YES;
				CLANG_WARN_SUSPICIOUS_MOVE = YES;
				CLANG_WARN_UNGUARDED_AVAILABILITY = YES_AGGRESSIVE;
				CLANG_WARN_UNREACHABLE_CODE = YES;
				CLANG_WARN__DUPLICATE_METHOD_MATCH = YES;
				COPY_PHASE_STRIP = NO;
				DEBUG_INFORMATION_FORMAT = dwarf;
				ENABLE_STRICT_OBJC_MSGSEND = YES;
				ENABLE_TESTABILITY = YES;
				GCC_C_LANGUAGE_STANDARD = gnu11;
				GCC_DYNAMIC_NO_PIC = NO;
				GCC_NO_COMMON_BLOCKS = YES;
				GCC_OPTIMIZATION_LEVEL = 0;
				GCC_PREPROCESSOR_DEFINITIONS = (
					"DEBUG=1",
					"$(inherited)",
				);
				GCC_WARN_64_TO_32_BIT_CONVERSION = YES;
				GCC_WARN_ABOUT_RETURN_TYPE = YES_ERROR;
				GCC_WARN_UNDECLARED_SELECTOR = YES;
				GCC_WARN_UNINITIALIZED_AUTOS = YES_AGGRESSIVE;
				GCC_WARN_UNUSED_FUNCTION = YES;
				GCC_WARN_UNUSED_VARIABLE = YES;
				IPHONEOS_DEPLOYMENT_TARGET = 15.5;
				MTL_ENABLE_DEBUG_INFO = INCLUDE_SOURCE;
				MTL_FAST_MATH = YES;
				ONLY_ACTIVE_ARCH = YES;
				SDKROOT = iphoneos;
				SWIFT_ACTIVE_COMPILATION_CONDITIONS = DEBUG;
				SWIFT_OPTIMIZATION_LEVEL = "-Onone";
			};
			name = Debug;
		};
		E6C742F1289C2E8E00117732 /* Release */ = {
			isa = XCBuildConfiguration;
			buildSettings = {
				ALWAYS_SEARCH_USER_PATHS = NO;
				CLANG_ANALYZER_NONNULL = YES;
				CLANG_ANALYZER_NUMBER_OBJECT_CONVERSION = YES_AGGRESSIVE;
				CLANG_CXX_LANGUAGE_STANDARD = "gnu++17";
				CLANG_ENABLE_MODULES = YES;
				CLANG_ENABLE_OBJC_ARC = YES;
				CLANG_ENABLE_OBJC_WEAK = YES;
				CLANG_WARN_BLOCK_CAPTURE_AUTORELEASING = YES;
				CLANG_WARN_BOOL_CONVERSION = YES;
				CLANG_WARN_COMMA = YES;
				CLANG_WARN_CONSTANT_CONVERSION = YES;
				CLANG_WARN_DEPRECATED_OBJC_IMPLEMENTATIONS = YES;
				CLANG_WARN_DIRECT_OBJC_ISA_USAGE = YES_ERROR;
				CLANG_WARN_DOCUMENTATION_COMMENTS = YES;
				CLANG_WARN_EMPTY_BODY = YES;
				CLANG_WARN_ENUM_CONVERSION = YES;
				CLANG_WARN_INFINITE_RECURSION = YES;
				CLANG_WARN_INT_CONVERSION = YES;
				CLANG_WARN_NON_LITERAL_NULL_CONVERSION = YES;
				CLANG_WARN_OBJC_IMPLICIT_RETAIN_SELF = YES;
				CLANG_WARN_OBJC_LITERAL_CONVERSION = YES;
				CLANG_WARN_OBJC_ROOT_CLASS = YES_ERROR;
				CLANG_WARN_QUOTED_INCLUDE_IN_FRAMEWORK_HEADER = YES;
				CLANG_WARN_RANGE_LOOP_ANALYSIS = YES;
				CLANG_WARN_STRICT_PROTOTYPES = YES;
				CLANG_WARN_SUSPICIOUS_MOVE = YES;
				CLANG_WARN_UNGUARDED_AVAILABILITY = YES_AGGRESSIVE;
				CLANG_WARN_UNREACHABLE_CODE = YES;
				CLANG_WARN__DUPLICATE_METHOD_MATCH = YES;
				COPY_PHASE_STRIP = NO;
				DEBUG_INFORMATION_FORMAT = "dwarf-with-dsym";
				ENABLE_NS_ASSERTIONS = NO;
				ENABLE_STRICT_OBJC_MSGSEND = YES;
				GCC_C_LANGUAGE_STANDARD = gnu11;
				GCC_NO_COMMON_BLOCKS = YES;
				GCC_WARN_64_TO_32_BIT_CONVERSION = YES;
				GCC_WARN_ABOUT_RETURN_TYPE = YES_ERROR;
				GCC_WARN_UNDECLARED_SELECTOR = YES;
				GCC_WARN_UNINITIALIZED_AUTOS = YES_AGGRESSIVE;
				GCC_WARN_UNUSED_FUNCTION = YES;
				GCC_WARN_UNUSED_VARIABLE = YES;
				IPHONEOS_DEPLOYMENT_TARGET = 15.5;
				MTL_ENABLE_DEBUG_INFO = NO;
				MTL_FAST_MATH = YES;
				SDKROOT = iphoneos;
				SWIFT_COMPILATION_MODE = wholemodule;
				SWIFT_OPTIMIZATION_LEVEL = "-O";
				VALIDATE_PRODUCT = YES;
			};
			name = Release;
		};
		E6C742F3289C2E8E00117732 /* Debug */ = {
			isa = XCBuildConfiguration;
			buildSettings = {
				ASSETCATALOG_COMPILER_APPICON_NAME = AppIcon;
				ASSETCATALOG_COMPILER_GLOBAL_ACCENT_COLOR_NAME = AccentColor;
				CODE_SIGN_STYLE = Automatic;
				CURRENT_PROJECT_VERSION = 1;
				DEVELOPMENT_TEAM = 7BU3FD89DR;
				GENERATE_INFOPLIST_FILE = YES;
				INFOPLIST_FILE = RandomPhoto/Info.plist;
				INFOPLIST_KEY_UIApplicationSupportsIndirectInputEvents = YES;
				INFOPLIST_KEY_UILaunchStoryboardName = LaunchScreen;
				INFOPLIST_KEY_UIMainStoryboardFile = Main;
				INFOPLIST_KEY_UISupportedInterfaceOrientations_iPad = "UIInterfaceOrientationPortrait UIInterfaceOrientationPortraitUpsideDown UIInterfaceOrientationLandscapeLeft UIInterfaceOrientationLandscapeRight";
				INFOPLIST_KEY_UISupportedInterfaceOrientations_iPhone = "UIInterfaceOrientationPortrait UIInterfaceOrientationLandscapeLeft UIInterfaceOrientationLandscapeRight";
				LD_RUNPATH_SEARCH_PATHS = (
					"$(inherited)",
					"@executable_path/Frameworks",
				);
				MARKETING_VERSION = 1.0;
				PRODUCT_BUNDLE_IDENTIFIER = com.example.eseal.RandomPhoto;
				PRODUCT_NAME = "$(TARGET_NAME)";
				SWIFT_EMIT_LOC_STRINGS = YES;
				SWIFT_VERSION = 5.0;
				TARGETED_DEVICE_FAMILY = "1,2";
			};
			name = Debug;
		};
		E6C742F4289C2E8E00117732 /* Release */ = {
			isa = XCBuildConfiguration;
			buildSettings = {
				ASSETCATALOG_COMPILER_APPICON_NAME = AppIcon;
				ASSETCATALOG_COMPILER_GLOBAL_ACCENT_COLOR_NAME = AccentColor;
				CODE_SIGN_STYLE = Automatic;
				CURRENT_PROJECT_VERSION = 1;
				DEVELOPMENT_TEAM = 7BU3FD89DR;
				GENERATE_INFOPLIST_FILE = YES;
				INFOPLIST_FILE = RandomPhoto/Info.plist;
				INFOPLIST_KEY_UIApplicationSupportsIndirectInputEvents = YES;
				INFOPLIST_KEY_UILaunchStoryboardName = LaunchScreen;
				INFOPLIST_KEY_UIMainStoryboardFile = Main;
				INFOPLIST_KEY_UISupportedInterfaceOrientations_iPad = "UIInterfaceOrientationPortrait UIInterfaceOrientationPortraitUpsideDown UIInterfaceOrientationLandscapeLeft UIInterfaceOrientationLandscapeRight";
				INFOPLIST_KEY_UISupportedInterfaceOrientations_iPhone = "UIInterfaceOrientationPortrait UIInterfaceOrientationLandscapeLeft UIInterfaceOrientationLandscapeRight";
				LD_RUNPATH_SEARCH_PATHS = (
					"$(inherited)",
					"@executable_path/Frameworks",
				);
				MARKETING_VERSION = 1.0;
				PRODUCT_BUNDLE_IDENTIFIER = com.example.eseal.RandomPhoto;
				PRODUCT_NAME = "$(TARGET_NAME)";
				SWIFT_EMIT_LOC_STRINGS = YES;
				SWIFT_VERSION = 5.0;
				TARGETED_DEVICE_FAMILY = "1,2";
			};
			name = Release;
		};
		E6C742F6289C2E8E00117732 /* Debug */ = {
			isa = XCBuildConfiguration;
			buildSettings = {
				ALWAYS_EMBED_SWIFT_STANDARD_LIBRARIES = YES;
				BUNDLE_LOADER = "$(TEST_HOST)";
				CODE_SIGN_STYLE = Automatic;
				CURRENT_PROJECT_VERSION = 1;
				DEVELOPMENT_TEAM = 7BU3FD89DR;
				GENERATE_INFOPLIST_FILE = YES;
				IPHONEOS_DEPLOYMENT_TARGET = 15.5;
				MARKETING_VERSION = 1.0;
				PRODUCT_BUNDLE_IDENTIFIER = com.example.eseal.RandomPhotoTests;
				PRODUCT_NAME = "$(TARGET_NAME)";
				SWIFT_EMIT_LOC_STRINGS = NO;
				SWIFT_VERSION = 5.0;
				TARGETED_DEVICE_FAMILY = "1,2";
				TEST_HOST = "$(BUILT_PRODUCTS_DIR)/RandomPhoto.app/RandomPhoto";
			};
			name = Debug;
		};
		E6C742F7289C2E8E00117732 /* Release */ = {
			isa = XCBuildConfiguration;
			buildSettings = {
				ALWAYS_EMBED_SWIFT_STANDARD_LIBRARIES = YES;
				BUNDLE_LOADER = "$(TEST_HOST)";
				CODE_SIGN_STYLE = Automatic;
				CURRENT_PROJECT_VERSION = 1;
				DEVELOPMENT_TEAM = 7BU3FD89DR;
				GENERATE_INFOPLIST_FILE = YES;
				IPHONEOS_DEPLOYMENT_TARGET = 15.5;
				MARKETING_VERSION = 1.0;
				PRODUCT_BUNDLE_IDENTIFIER = com.example.eseal.RandomPhotoTests;
				PRODUCT_NAME = "$(TARGET_NAME)";
				SWIFT_EMIT_LOC_STRINGS = NO;
				SWIFT_VERSION = 5.0;
				TARGETED_DEVICE_FAMILY = "1,2";
				TEST_HOST = "$(BUILT_PRODUCTS_DIR)/RandomPhoto.app/RandomPhoto";
			};
			name = Release;
		};
		E6C742F9289C2E8E00117732 /* Debug */ = {
			isa = XCBuildConfiguration;
			buildSettings = {
				ALWAYS_EMBED_SWIFT_STANDARD_LIBRARIES = YES;
				CODE_SIGN_STYLE = Automatic;
				CURRENT_PROJECT_VERSION = 1;
				DEVELOPMENT_TEAM = 7BU3FD89DR;
				GENERATE_INFOPLIST_FILE = YES;
				MARKETING_VERSION = 1.0;
				PRODUCT_BUNDLE_IDENTIFIER = com.example.eseal.RandomPhotoUITests;
				PRODUCT_NAME = "$(TARGET_NAME)";
				SWIFT_EMIT_LOC_STRINGS = NO;
				SWIFT_VERSION = 5.0;
				TARGETED_DEVICE_FAMILY = "1,2";
				TEST_TARGET_NAME = RandomPhoto;
			};
			name = Debug;
		};
		E6C742FA289C2E8E00117732 /* Release */ = {
			isa = XCBuildConfiguration;
			buildSettings = {
				ALWAYS_EMBED_SWIFT_STANDARD_LIBRARIES = YES;
				CODE_SIGN_STYLE = Automatic;
				CURRENT_PROJECT_VERSION = 1;
				DEVELOPMENT_TEAM = 7BU3FD89DR;
				GENERATE_INFOPLIST_FILE = YES;
				MARKETING_VERSION = 1.0;
				PRODUCT_BUNDLE_IDENTIFIER = com.example.eseal.RandomPhotoUITests;
				PRODUCT_NAME = "$(TARGET_NAME)";
				SWIFT_EMIT_LOC_STRINGS = NO;
				SWIFT_VERSION = 5.0;
				TARGETED_DEVICE_FAMILY = "1,2";
				TEST_TARGET_NAME = RandomPhoto;
			};
			name = Release;
		};
/* End XCBuildConfiguration section */

/* Begin XCConfigurationList section */
		E6C742C3289C2E8A00117732 /* Build configuration list for PBXProject "RandomPhoto" */ = {
			isa = XCConfigurationList;
			buildConfigurations = (
				E6C742F0289C2E8E00117732 /* Debug */,
				E6C742F1289C2E8E00117732 /* Release */,
			);
			defaultConfigurationIsVisible = 0;
			defaultConfigurationName = Release;
		};
		E6C742F2289C2E8E00117732 /* Build configuration list for PBXNativeTarget "RandomPhoto" */ = {
			isa = XCConfigurationList;
			buildConfigurations = (
				E6C742F3289C2E8E00117732 /* Debug */,
				E6C742F4289C2E8E00117732 /* Release */,
			);
			defaultConfigurationIsVisible = 0;
			defaultConfigurationName = Release;
		};
		E6C742F5289C2E8E00117732 /* Build configuration list for PBXNativeTarget "RandomPhotoTests" */ = {
			isa = XCConfigurationList;
			buildConfigurations = (
				E6C742F6289C2E8E00117732 /* Debug */,
				E6C742F7289C2E8E00117732 /* Release */,
			);
			defaultConfigurationIsVisible = 0;
			defaultConfigurationName = Release;
		};
		E6C742F8289C2E8E00117732 /* Build configuration list for PBXNativeTarget "RandomPhotoUITests" */ = {
			isa = XCConfigurationList;
			buildConfigurations = (
				E6C742F9289C2E8E00117732 /* Debug */,
				E6C742FA289C2E8E00117732 /* Release */,
			);
			defaultConfigurationIsVisible = 0;
			defaultConfigurationName = Release;
		};
/* End XCConfigurationList section */
	};
	rootObject = E6C742C0289C2E8A00117732 /* Project object */;
}
